
Microsoft Visual Studio Solution File, Format Version 12.00
# Visual Studio 15
VisualStudioVersion = 15.0.27428.2002
MinimumVisualStudioVersion = 10.0.40219.1
Project("{FAE04EC0-301F-11D3-BF4B-00C04F79EFBC}") = "Web.DeviceControl", "Web.DeviceControl\Web.DeviceControl.csproj", "{1CD19350-E325-437D-8306-DF161449BD05}"
EndProject
Project("{FAE04EC0-301F-11D3-BF4B-00C04F79EFBC}") = "Console.CreateNewDevice", "Console.CreateNewDevice\Console.CreateNewDevice.csproj", "{D2BF1666-BAD1-42B6-8CF7-68B55F460993}"
EndProject
Project("{FAE04EC0-301F-11D3-BF4B-00C04F79EFBC}") = "Win.DeviceProgram", "Win.DeviceProgram\Win.DeviceProgram.csproj", "{3F797933-DC79-41AD-BB56-FB6B505D0A02}"
EndProject
Global
	GlobalSection(SolutionConfigurationPlatforms) = preSolution
		Debug|Any CPU = Debug|Any CPU
		Release|Any CPU = Release|Any CPU
	EndGlobalSection
	GlobalSection(ProjectConfigurationPlatforms) = postSolution
		{1CD19350-E325-437D-8306-DF161449BD05}.Debug|Any CPU.ActiveCfg = Debug|Any CPU
		{1CD19350-E325-437D-8306-DF161449BD05}.Debug|Any CPU.Build.0 = Debug|Any CPU
		{1CD19350-E325-437D-8306-DF161449BD05}.Release|Any CPU.ActiveCfg = Release|Any CPU
		{1CD19350-E325-437D-8306-DF161449BD05}.Release|Any CPU.Build.0 = Release|Any CPU
		{D2BF1666-BAD1-42B6-8CF7-68B55F460993}.Debug|Any CPU.ActiveCfg = Debug|Any CPU
		{D2BF1666-BAD1-42B6-8CF7-68B55F460993}.Debug|Any CPU.Build.0 = Debug|Any CPU
		{D2BF1666-BAD1-42B6-8CF7-68B55F460993}.Release|Any CPU.ActiveCfg = Release|Any CPU
		{D2BF1666-BAD1-42B6-8CF7-68B55F460993}.Release|Any CPU.Build.0 = Release|Any CPU
		{3F797933-DC79-41AD-BB56-FB6B505D0A02}.Debug|Any CPU.ActiveCfg = Debug|Any CPU
		{3F797933-DC79-41AD-BB56-FB6B505D0A02}.Debug|Any CPU.Build.0 = Debug|Any CPU
		{3F797933-DC79-41AD-BB56-FB6B505D0A02}.Release|Any CPU.ActiveCfg = Release|Any CPU
		{3F797933-DC79-41AD-BB56-FB6B505D0A02}.Release|Any CPU.Build.0 = Release|Any CPU
	EndGlobalSection
	GlobalSection(SolutionProperties) = preSolution
		HideSolutionNode = FALSE
	EndGlobalSection
	GlobalSection(ExtensibilityGlobals) = postSolution
		SolutionGuid = {E93CF314-253B-454D-8F2D-4DA021A6828E}
	EndGlobalSection
EndGlobal
